
Microsoft Visual Studio Solution File, Format Version 12.00
# Visual Studio 2013
VisualStudioVersion = 12.0.21005.1
MinimumVisualStudioVersion = 10.0.40219.1
Project("{FAE04EC0-301F-11D3-BF4B-00C04F79EFBC}") = "togglePSD", "togglePSD\togglePSD.csproj", "{34C011B3-B956-499C-A39D-231437AAF979}"
EndProject
Project("{6141683F-8A12-4E36-9623-2EB02B2C2303}") = "togglePSDSetup", "togglePSDSetup\togglePSDSetup.isproj", "{A72DE31D-97BD-4358-9130-62B4581A307F}"
EndProject
Global
	GlobalSection(SolutionConfigurationPlatforms) = preSolution
		CD_ROM|Any CPU = CD_ROM|Any CPU
		Debug|Any CPU = Debug|Any CPU
		DVD-5|Any CPU = DVD-5|Any CPU
		Release|Any CPU = Release|Any CPU
		SingleImage|Any CPU = SingleImage|Any CPU
	EndGlobalSection
	GlobalSection(ProjectConfigurationPlatforms) = postSolution
		{34C011B3-B956-499C-A39D-231437AAF979}.CD_ROM|Any CPU.ActiveCfg = Release|Any CPU
		{34C011B3-B956-499C-A39D-231437AAF979}.CD_ROM|Any CPU.Build.0 = Release|Any CPU
		{34C011B3-B956-499C-A39D-231437AAF979}.Debug|Any CPU.ActiveCfg = Debug|Any CPU
		{34C011B3-B956-499C-A39D-231437AAF979}.Debug|Any CPU.Build.0 = Debug|Any CPU
		{34C011B3-B956-499C-A39D-231437AAF979}.DVD-5|Any CPU.ActiveCfg = Debug|Any CPU
		{34C011B3-B956-499C-A39D-231437AAF979}.DVD-5|Any CPU.Build.0 = Debug|Any CPU
		{34C011B3-B956-499C-A39D-231437AAF979}.Release|Any CPU.ActiveCfg = Release|Any CPU
		{34C011B3-B956-499C-A39D-231437AAF979}.Release|Any CPU.Build.0 = Release|Any CPU
		{34C011B3-B956-499C-A39D-231437AAF979}.SingleImage|Any CPU.ActiveCfg = Release|Any CPU
		{34C011B3-B956-499C-A39D-231437AAF979}.SingleImage|Any CPU.Build.0 = Release|Any CPU
		{A72DE31D-97BD-4358-9130-62B4581A307F}.CD_ROM|Any CPU.ActiveCfg = CD_ROM
		{A72DE31D-97BD-4358-9130-62B4581A307F}.CD_ROM|Any CPU.Build.0 = CD_ROM
		{A72DE31D-97BD-4358-9130-62B4581A307F}.Debug|Any CPU.ActiveCfg = DVD-5
		{A72DE31D-97BD-4358-9130-62B4581A307F}.Debug|Any CPU.Build.0 = DVD-5
		{A72DE31D-97BD-4358-9130-62B4581A307F}.DVD-5|Any CPU.ActiveCfg = DVD-5
		{A72DE31D-97BD-4358-9130-62B4581A307F}.DVD-5|Any CPU.Build.0 = DVD-5
		{A72DE31D-97BD-4358-9130-62B4581A307F}.Release|Any CPU.ActiveCfg = SingleImage
		{A72DE31D-97BD-4358-9130-62B4581A307F}.Release|Any CPU.Build.0 = SingleImage
		{A72DE31D-97BD-4358-9130-62B4581A307F}.SingleImage|Any CPU.ActiveCfg = SingleImage
		{A72DE31D-97BD-4358-9130-62B4581A307F}.SingleImage|Any CPU.Build.0 = SingleImage
	EndGlobalSection
	GlobalSection(SolutionProperties) = preSolution
		HideSolutionNode = FALSE
	EndGlobalSection
EndGlobal
